// !$*UTF8*$!
{
	archiveVersion = 1;
	classes = {
	};
	objectVersion = 56;
	objects = {

/* Begin PBXBuildFile section */
		05BF531A2CB54B2900A844FD /* aheadChallengeApp.swift in Sources */ = {isa = PBXBuildFile; fileRef = 05BF53192CB54B2900A844FD /* aheadChallengeApp.swift */; };
		05BF531E2CB54B2A00A844FD /* Assets.xcassets in Resources */ = {isa = PBXBuildFile; fileRef = 05BF531D2CB54B2A00A844FD /* Assets.xcassets */; };
		05BF53212CB54B2A00A844FD /* Preview Assets.xcassets in Resources */ = {isa = PBXBuildFile; fileRef = 05BF53202CB54B2A00A844FD /* Preview Assets.xcassets */; };
		05BF532B2CB54B2A00A844FD /* DecodeTests.swift in Sources */ = {isa = PBXBuildFile; fileRef = 05BF532A2CB54B2A00A844FD /* DecodeTests.swift */; };
		05BF53352CB54B2A00A844FD /* aheadChallengeUITests.swift in Sources */ = {isa = PBXBuildFile; fileRef = 05BF53342CB54B2A00A844FD /* aheadChallengeUITests.swift */; };
		05BF53372CB54B2A00A844FD /* aheadChallengeUITestsLaunchTests.swift in Sources */ = {isa = PBXBuildFile; fileRef = 05BF53362CB54B2A00A844FD /* aheadChallengeUITestsLaunchTests.swift */; };
		05BF53442CB54B5A00A844FD /* ActivityContainerView.swift in Sources */ = {isa = PBXBuildFile; fileRef = 05BF53432CB54B5A00A844FD /* ActivityContainerView.swift */; };
		05BF53472CB54BB100A844FD /* activity-response.json in Resources */ = {isa = PBXBuildFile; fileRef = 05BF53462CB54BB100A844FD /* activity-response.json */; };
		05BF53492CB54BCC00A844FD /* ActivityResponse.swift in Sources */ = {isa = PBXBuildFile; fileRef = 05BF53482CB54BCC00A844FD /* ActivityResponse.swift */; };
		05BF534B2CB5566700A844FD /* RecapActivity.swift in Sources */ = {isa = PBXBuildFile; fileRef = 05BF534A2CB5566700A844FD /* RecapActivity.swift */; };
		05BF534D2CB5569200A844FD /* MultipleChoiceActivity.swift in Sources */ = {isa = PBXBuildFile; fileRef = 05BF534C2CB5569200A844FD /* MultipleChoiceActivity.swift */; };
		05BF534F2CB556C300A844FD /* ActivityScreen.swift in Sources */ = {isa = PBXBuildFile; fileRef = 05BF534E2CB556C300A844FD /* ActivityScreen.swift */; };
		05BF53512CB5573D00A844FD /* ActivityOption.swift in Sources */ = {isa = PBXBuildFile; fileRef = 05BF53502CB5573D00A844FD /* ActivityOption.swift */; };
		05BF53532CB5577E00A844FD /* activity-response.json in Resources */ = {isa = PBXBuildFile; fileRef = 05BF53462CB54BB100A844FD /* activity-response.json */; };
		05BF53612CB6098900A844FD /* Euclid Circular B Bold Italic.ttf in Resources */ = {isa = PBXBuildFile; fileRef = 05BF53562CB6098900A844FD /* Euclid Circular B Bold Italic.ttf */; };
		05BF53622CB6098900A844FD /* Euclid Circular B Bold.ttf in Resources */ = {isa = PBXBuildFile; fileRef = 05BF53572CB6098900A844FD /* Euclid Circular B Bold.ttf */; };
		05BF53632CB6098900A844FD /* Euclid Circular B Italic.ttf in Resources */ = {isa = PBXBuildFile; fileRef = 05BF53582CB6098900A844FD /* Euclid Circular B Italic.ttf */; };
		05BF53642CB6098900A844FD /* Euclid Circular B Light Italic.ttf in Resources */ = {isa = PBXBuildFile; fileRef = 05BF53592CB6098900A844FD /* Euclid Circular B Light Italic.ttf */; };
		05BF53652CB6098900A844FD /* Euclid Circular B Light.ttf in Resources */ = {isa = PBXBuildFile; fileRef = 05BF535A2CB6098900A844FD /* Euclid Circular B Light.ttf */; };
		05BF53662CB6098900A844FD /* Euclid Circular B Medium Italic.ttf in Resources */ = {isa = PBXBuildFile; fileRef = 05BF535B2CB6098900A844FD /* Euclid Circular B Medium Italic.ttf */; };
		05BF53672CB6098900A844FD /* Euclid Circular B Medium.ttf in Resources */ = {isa = PBXBuildFile; fileRef = 05BF535C2CB6098900A844FD /* Euclid Circular B Medium.ttf */; };
		05BF53682CB6098900A844FD /* Euclid Circular B Regular.ttf in Resources */ = {isa = PBXBuildFile; fileRef = 05BF535D2CB6098900A844FD /* Euclid Circular B Regular.ttf */; };
		05BF53692CB6098900A844FD /* Euclid Circular B SemiBold Italic.ttf in Resources */ = {isa = PBXBuildFile; fileRef = 05BF535E2CB6098900A844FD /* Euclid Circular B SemiBold Italic.ttf */; };
		05BF536A2CB6098900A844FD /* Euclid Circular B SemiBold.ttf in Resources */ = {isa = PBXBuildFile; fileRef = 05BF535F2CB6098900A844FD /* Euclid Circular B SemiBold.ttf */; };
		05BF536D2CB61ED900A844FD /* Font.swift in Sources */ = {isa = PBXBuildFile; fileRef = 05BF536C2CB61ED900A844FD /* Font.swift */; };
		05BF53702CB6212500A844FD /* ViewStyles.swift in Sources */ = {isa = PBXBuildFile; fileRef = 05BF536F2CB6212500A844FD /* ViewStyles.swift */; };
		05BF53722CB63B1300A844FD /* ActivityController.swift in Sources */ = {isa = PBXBuildFile; fileRef = 05BF53712CB63B1300A844FD /* ActivityController.swift */; };
		05BF53742CB64C5000A844FD /* BeginActivityView.swift in Sources */ = {isa = PBXBuildFile; fileRef = 05BF53732CB64C5000A844FD /* BeginActivityView.swift */; };
		05BF53762CB671E400A844FD /* CollectionViewController.swift in Sources */ = {isa = PBXBuildFile; fileRef = 05BF53752CB671E400A844FD /* CollectionViewController.swift */; };
		05BF537B2CB69B0600A844FD /* AnswerResultView.swift in Sources */ = {isa = PBXBuildFile; fileRef = 05BF537A2CB69B0600A844FD /* AnswerResultView.swift */; };
		05BF537D2CB6A1A000A844FD /* RecapActivityView.swift in Sources */ = {isa = PBXBuildFile; fileRef = 05BF537C2CB6A1A000A844FD /* RecapActivityView.swift */; };
		05BF537F2CB6A48C00A844FD /* MultipleChoiceActivityView.swift in Sources */ = {isa = PBXBuildFile; fileRef = 05BF537E2CB6A48C00A844FD /* MultipleChoiceActivityView.swift */; };
		05BF53832CB6AA0900A844FD /* ActivityFinishedView.swift in Sources */ = {isa = PBXBuildFile; fileRef = 05BF53822CB6AA0900A844FD /* ActivityFinishedView.swift */; };
		05BF53852CB6AA6300A844FD /* ActivityHeaderNavigationView.swift in Sources */ = {isa = PBXBuildFile; fileRef = 05BF53842CB6AA6300A844FD /* ActivityHeaderNavigationView.swift */; };
		05BF53872CB6AB4C00A844FD /* ActivityProgressView.swift in Sources */ = {isa = PBXBuildFile; fileRef = 05BF53862CB6AB4C00A844FD /* ActivityProgressView.swift */; };
		05BF53892CB6AB6700A844FD /* OptionView.swift in Sources */ = {isa = PBXBuildFile; fileRef = 05BF53882CB6AB6700A844FD /* OptionView.swift */; };
/* End PBXBuildFile section */

/* Begin PBXContainerItemProxy section */
		05BF53272CB54B2A00A844FD /* PBXContainerItemProxy */ = {
			isa = PBXContainerItemProxy;
			containerPortal = 05BF530E2CB54B2900A844FD /* Project object */;
			proxyType = 1;
			remoteGlobalIDString = 05BF53152CB54B2900A844FD;
			remoteInfo = aheadChallenge;
		};
		05BF53312CB54B2A00A844FD /* PBXContainerItemProxy */ = {
			isa = PBXContainerItemProxy;
			containerPortal = 05BF530E2CB54B2900A844FD /* Project object */;
			proxyType = 1;
			remoteGlobalIDString = 05BF53152CB54B2900A844FD;
			remoteInfo = aheadChallenge;
		};
/* End PBXContainerItemProxy section */

/* Begin PBXFileReference section */
		05BF53162CB54B2900A844FD /* aheadChallenge.app */ = {isa = PBXFileReference; explicitFileType = wrapper.application; includeInIndex = 0; path = aheadChallenge.app; sourceTree = BUILT_PRODUCTS_DIR; };
		05BF53192CB54B2900A844FD /* aheadChallengeApp.swift */ = {isa = PBXFileReference; lastKnownFileType = sourcecode.swift; path = aheadChallengeApp.swift; sourceTree = "<group>"; };
		05BF531D2CB54B2A00A844FD /* Assets.xcassets */ = {isa = PBXFileReference; lastKnownFileType = folder.assetcatalog; path = Assets.xcassets; sourceTree = "<group>"; };
		05BF53202CB54B2A00A844FD /* Preview Assets.xcassets */ = {isa = PBXFileReference; lastKnownFileType = folder.assetcatalog; path = "Preview Assets.xcassets"; sourceTree = "<group>"; };
		05BF53262CB54B2A00A844FD /* aheadChallengeTests.xctest */ = {isa = PBXFileReference; explicitFileType = wrapper.cfbundle; includeInIndex = 0; path = aheadChallengeTests.xctest; sourceTree = BUILT_PRODUCTS_DIR; };
		05BF532A2CB54B2A00A844FD /* DecodeTests.swift */ = {isa = PBXFileReference; lastKnownFileType = sourcecode.swift; path = DecodeTests.swift; sourceTree = "<group>"; };
		05BF53302CB54B2A00A844FD /* aheadChallengeUITests.xctest */ = {isa = PBXFileReference; explicitFileType = wrapper.cfbundle; includeInIndex = 0; path = aheadChallengeUITests.xctest; sourceTree = BUILT_PRODUCTS_DIR; };
		05BF53342CB54B2A00A844FD /* aheadChallengeUITests.swift */ = {isa = PBXFileReference; lastKnownFileType = sourcecode.swift; path = aheadChallengeUITests.swift; sourceTree = "<group>"; };
		05BF53362CB54B2A00A844FD /* aheadChallengeUITestsLaunchTests.swift */ = {isa = PBXFileReference; lastKnownFileType = sourcecode.swift; path = aheadChallengeUITestsLaunchTests.swift; sourceTree = "<group>"; };
		05BF53432CB54B5A00A844FD /* ActivityContainerView.swift */ = {isa = PBXFileReference; lastKnownFileType = sourcecode.swift; path = ActivityContainerView.swift; sourceTree = "<group>"; };
		05BF53462CB54BB100A844FD /* activity-response.json */ = {isa = PBXFileReference; fileEncoding = 4; lastKnownFileType = text.json; path = "activity-response.json"; sourceTree = "<group>"; };
		05BF53482CB54BCC00A844FD /* ActivityResponse.swift */ = {isa = PBXFileReference; lastKnownFileType = sourcecode.swift; path = ActivityResponse.swift; sourceTree = "<group>"; };
		05BF534A2CB5566700A844FD /* RecapActivity.swift */ = {isa = PBXFileReference; lastKnownFileType = sourcecode.swift; path = RecapActivity.swift; sourceTree = "<group>"; };
		05BF534C2CB5569200A844FD /* MultipleChoiceActivity.swift */ = {isa = PBXFileReference; lastKnownFileType = sourcecode.swift; path = MultipleChoiceActivity.swift; sourceTree = "<group>"; };
		05BF534E2CB556C300A844FD /* ActivityScreen.swift */ = {isa = PBXFileReference; lastKnownFileType = sourcecode.swift; path = ActivityScreen.swift; sourceTree = "<group>"; };
		05BF53502CB5573D00A844FD /* ActivityOption.swift */ = {isa = PBXFileReference; lastKnownFileType = sourcecode.swift; path = ActivityOption.swift; sourceTree = "<group>"; };
		05BF53562CB6098900A844FD /* Euclid Circular B Bold Italic.ttf */ = {isa = PBXFileReference; lastKnownFileType = file; path = "Euclid Circular B Bold Italic.ttf"; sourceTree = "<group>"; };
		05BF53572CB6098900A844FD /* Euclid Circular B Bold.ttf */ = {isa = PBXFileReference; lastKnownFileType = file; path = "Euclid Circular B Bold.ttf"; sourceTree = "<group>"; };
		05BF53582CB6098900A844FD /* Euclid Circular B Italic.ttf */ = {isa = PBXFileReference; lastKnownFileType = file; path = "Euclid Circular B Italic.ttf"; sourceTree = "<group>"; };
		05BF53592CB6098900A844FD /* Euclid Circular B Light Italic.ttf */ = {isa = PBXFileReference; lastKnownFileType = file; path = "Euclid Circular B Light Italic.ttf"; sourceTree = "<group>"; };
		05BF535A2CB6098900A844FD /* Euclid Circular B Light.ttf */ = {isa = PBXFileReference; lastKnownFileType = file; path = "Euclid Circular B Light.ttf"; sourceTree = "<group>"; };
		05BF535B2CB6098900A844FD /* Euclid Circular B Medium Italic.ttf */ = {isa = PBXFileReference; lastKnownFileType = file; path = "Euclid Circular B Medium Italic.ttf"; sourceTree = "<group>"; };
		05BF535C2CB6098900A844FD /* Euclid Circular B Medium.ttf */ = {isa = PBXFileReference; lastKnownFileType = file; path = "Euclid Circular B Medium.ttf"; sourceTree = "<group>"; };
		05BF535D2CB6098900A844FD /* Euclid Circular B Regular.ttf */ = {isa = PBXFileReference; lastKnownFileType = file; path = "Euclid Circular B Regular.ttf"; sourceTree = "<group>"; };
		05BF535E2CB6098900A844FD /* Euclid Circular B SemiBold Italic.ttf */ = {isa = PBXFileReference; lastKnownFileType = file; path = "Euclid Circular B SemiBold Italic.ttf"; sourceTree = "<group>"; };
		05BF535F2CB6098900A844FD /* Euclid Circular B SemiBold.ttf */ = {isa = PBXFileReference; lastKnownFileType = file; path = "Euclid Circular B SemiBold.ttf"; sourceTree = "<group>"; };
		05BF536B2CB60A3100A844FD /* Info.plist */ = {isa = PBXFileReference; lastKnownFileType = text.plist; path = Info.plist; sourceTree = "<group>"; };
		05BF536C2CB61ED900A844FD /* Font.swift */ = {isa = PBXFileReference; lastKnownFileType = sourcecode.swift; path = Font.swift; sourceTree = "<group>"; };
		05BF536F2CB6212500A844FD /* ViewStyles.swift */ = {isa = PBXFileReference; lastKnownFileType = sourcecode.swift; path = ViewStyles.swift; sourceTree = "<group>"; };
		05BF53712CB63B1300A844FD /* ActivityController.swift */ = {isa = PBXFileReference; lastKnownFileType = sourcecode.swift; path = ActivityController.swift; sourceTree = "<group>"; };
		05BF53732CB64C5000A844FD /* BeginActivityView.swift */ = {isa = PBXFileReference; lastKnownFileType = sourcecode.swift; path = BeginActivityView.swift; sourceTree = "<group>"; };
		05BF53752CB671E400A844FD /* CollectionViewController.swift */ = {isa = PBXFileReference; lastKnownFileType = sourcecode.swift; path = CollectionViewController.swift; sourceTree = "<group>"; };
		05BF537A2CB69B0600A844FD /* AnswerResultView.swift */ = {isa = PBXFileReference; lastKnownFileType = sourcecode.swift; path = AnswerResultView.swift; sourceTree = "<group>"; };
		05BF537C2CB6A1A000A844FD /* RecapActivityView.swift */ = {isa = PBXFileReference; lastKnownFileType = sourcecode.swift; path = RecapActivityView.swift; sourceTree = "<group>"; };
		05BF537E2CB6A48C00A844FD /* MultipleChoiceActivityView.swift */ = {isa = PBXFileReference; lastKnownFileType = sourcecode.swift; path = MultipleChoiceActivityView.swift; sourceTree = "<group>"; };
		05BF53822CB6AA0900A844FD /* ActivityFinishedView.swift */ = {isa = PBXFileReference; lastKnownFileType = sourcecode.swift; path = ActivityFinishedView.swift; sourceTree = "<group>"; };
		05BF53842CB6AA6300A844FD /* ActivityHeaderNavigationView.swift */ = {isa = PBXFileReference; lastKnownFileType = sourcecode.swift; path = ActivityHeaderNavigationView.swift; sourceTree = "<group>"; };
		05BF53862CB6AB4C00A844FD /* ActivityProgressView.swift */ = {isa = PBXFileReference; lastKnownFileType = sourcecode.swift; path = ActivityProgressView.swift; sourceTree = "<group>"; };
		05BF53882CB6AB6700A844FD /* OptionView.swift */ = {isa = PBXFileReference; lastKnownFileType = sourcecode.swift; path = OptionView.swift; sourceTree = "<group>"; };
/* End PBXFileReference section */

/* Begin PBXFrameworksBuildPhase section */
		05BF53132CB54B2900A844FD /* Frameworks */ = {
			isa = PBXFrameworksBuildPhase;
			buildActionMask = 2147483647;
			files = (
			);
			runOnlyForDeploymentPostprocessing = 0;
		};
		05BF53232CB54B2A00A844FD /* Frameworks */ = {
			isa = PBXFrameworksBuildPhase;
			buildActionMask = 2147483647;
			files = (
			);
			runOnlyForDeploymentPostprocessing = 0;
		};
		05BF532D2CB54B2A00A844FD /* Frameworks */ = {
			isa = PBXFrameworksBuildPhase;
			buildActionMask = 2147483647;
			files = (
			);
			runOnlyForDeploymentPostprocessing = 0;
		};
/* End PBXFrameworksBuildPhase section */

/* Begin PBXGroup section */
		05BF530D2CB54B2900A844FD = {
			isa = PBXGroup;
			children = (
				05BF53182CB54B2900A844FD /* aheadChallenge */,
				05BF53292CB54B2A00A844FD /* aheadChallengeTests */,
				05BF53332CB54B2A00A844FD /* aheadChallengeUITests */,
				05BF53172CB54B2900A844FD /* Products */,
			);
			sourceTree = "<group>";
		};
		05BF53172CB54B2900A844FD /* Products */ = {
			isa = PBXGroup;
			children = (
				05BF53162CB54B2900A844FD /* aheadChallenge.app */,
				05BF53262CB54B2A00A844FD /* aheadChallengeTests.xctest */,
				05BF53302CB54B2A00A844FD /* aheadChallengeUITests.xctest */,
			);
			name = Products;
			sourceTree = "<group>";
		};
		05BF53182CB54B2900A844FD /* aheadChallenge */ = {
			isa = PBXGroup;
			children = (
				05BF536B2CB60A3100A844FD /* Info.plist */,
				05BF53192CB54B2900A844FD /* aheadChallengeApp.swift */,
				05BF53802CB6A53900A844FD /* Activity */,
				05BF53522CB5575B00A844FD /* Model */,
				05BF536E2CB6211000A844FD /* Utils */,
				05BF53812CB6A54E00A844FD /* Components */,
				05BF53452CB54B9100A844FD /* Resources */,
				05BF531F2CB54B2A00A844FD /* Preview Content */,
			);
			path = aheadChallenge;
			sourceTree = "<group>";
		};
		05BF531F2CB54B2A00A844FD /* Preview Content */ = {
			isa = PBXGroup;
			children = (
				05BF53202CB54B2A00A844FD /* Preview Assets.xcassets */,
			);
			path = "Preview Content";
			sourceTree = "<group>";
		};
		05BF53292CB54B2A00A844FD /* aheadChallengeTests */ = {
			isa = PBXGroup;
			children = (
				05BF532A2CB54B2A00A844FD /* DecodeTests.swift */,
			);
			path = aheadChallengeTests;
			sourceTree = "<group>";
		};
		05BF53332CB54B2A00A844FD /* aheadChallengeUITests */ = {
			isa = PBXGroup;
			children = (
				05BF53342CB54B2A00A844FD /* aheadChallengeUITests.swift */,
				05BF53362CB54B2A00A844FD /* aheadChallengeUITestsLaunchTests.swift */,
			);
			path = aheadChallengeUITests;
			sourceTree = "<group>";
		};
		05BF53452CB54B9100A844FD /* Resources */ = {
			isa = PBXGroup;
			children = (
				05BF53462CB54BB100A844FD /* activity-response.json */,
				05BF531D2CB54B2A00A844FD /* Assets.xcassets */,
				05BF53602CB6098900A844FD /* Font */,
			);
			path = Resources;
			sourceTree = "<group>";
		};
		05BF53522CB5575B00A844FD /* Model */ = {
			isa = PBXGroup;
			children = (
				05BF53482CB54BCC00A844FD /* ActivityResponse.swift */,
				05BF534A2CB5566700A844FD /* RecapActivity.swift */,
				05BF534C2CB5569200A844FD /* MultipleChoiceActivity.swift */,
				05BF534E2CB556C300A844FD /* ActivityScreen.swift */,
				05BF53502CB5573D00A844FD /* ActivityOption.swift */,
			);
			path = Model;
			sourceTree = "<group>";
		};
		05BF53602CB6098900A844FD /* Font */ = {
			isa = PBXGroup;
			children = (
				05BF53562CB6098900A844FD /* Euclid Circular B Bold Italic.ttf */,
				05BF53572CB6098900A844FD /* Euclid Circular B Bold.ttf */,
				05BF53582CB6098900A844FD /* Euclid Circular B Italic.ttf */,
				05BF53592CB6098900A844FD /* Euclid Circular B Light Italic.ttf */,
				05BF535A2CB6098900A844FD /* Euclid Circular B Light.ttf */,
				05BF535B2CB6098900A844FD /* Euclid Circular B Medium Italic.ttf */,
				05BF535C2CB6098900A844FD /* Euclid Circular B Medium.ttf */,
				05BF535D2CB6098900A844FD /* Euclid Circular B Regular.ttf */,
				05BF535E2CB6098900A844FD /* Euclid Circular B SemiBold Italic.ttf */,
				05BF535F2CB6098900A844FD /* Euclid Circular B SemiBold.ttf */,
			);
			path = Font;
			sourceTree = "<group>";
		};
		05BF536E2CB6211000A844FD /* Utils */ = {
			isa = PBXGroup;
			children = (
				05BF536C2CB61ED900A844FD /* Font.swift */,
				05BF536F2CB6212500A844FD /* ViewStyles.swift */,
			);
			path = Utils;
			sourceTree = "<group>";
		};
		05BF53802CB6A53900A844FD /* Activity */ = {
			isa = PBXGroup;
			children = (
				05BF53432CB54B5A00A844FD /* ActivityContainerView.swift */,
				05BF53732CB64C5000A844FD /* BeginActivityView.swift */,
				05BF537C2CB6A1A000A844FD /* RecapActivityView.swift */,
				05BF537E2CB6A48C00A844FD /* MultipleChoiceActivityView.swift */,
				05BF53712CB63B1300A844FD /* ActivityController.swift */,
				05BF53822CB6AA0900A844FD /* ActivityFinishedView.swift */,
				05BF53842CB6AA6300A844FD /* ActivityHeaderNavigationView.swift */,
				05BF53862CB6AB4C00A844FD /* ActivityProgressView.swift */,
			);
			path = Activity;
			sourceTree = "<group>";
		};
		05BF53812CB6A54E00A844FD /* Components */ = {
			isa = PBXGroup;
			children = (
				05BF53752CB671E400A844FD /* CollectionViewController.swift */,
				05BF537A2CB69B0600A844FD /* AnswerResultView.swift */,
				05BF53882CB6AB6700A844FD /* OptionView.swift */,
			);
			path = Components;
			sourceTree = "<group>";
		};
/* End PBXGroup section */

/* Begin PBXNativeTarget section */
		05BF53152CB54B2900A844FD /* aheadChallenge */ = {
			isa = PBXNativeTarget;
			buildConfigurationList = 05BF533A2CB54B2A00A844FD /* Build configuration list for PBXNativeTarget "aheadChallenge" */;
			buildPhases = (
				05BF53122CB54B2900A844FD /* Sources */,
				05BF53132CB54B2900A844FD /* Frameworks */,
				05BF53142CB54B2900A844FD /* Resources */,
			);
			buildRules = (
			);
			dependencies = (
			);
			name = aheadChallenge;
			packageProductDependencies = (
			);
			productName = aheadChallenge;
			productReference = 05BF53162CB54B2900A844FD /* aheadChallenge.app */;
			productType = "com.apple.product-type.application";
		};
		05BF53252CB54B2A00A844FD /* aheadChallengeTests */ = {
			isa = PBXNativeTarget;
			buildConfigurationList = 05BF533D2CB54B2A00A844FD /* Build configuration list for PBXNativeTarget "aheadChallengeTests" */;
			buildPhases = (
				05BF53222CB54B2A00A844FD /* Sources */,
				05BF53232CB54B2A00A844FD /* Frameworks */,
				05BF53242CB54B2A00A844FD /* Resources */,
			);
			buildRules = (
			);
			dependencies = (
				05BF53282CB54B2A00A844FD /* PBXTargetDependency */,
			);
			name = aheadChallengeTests;
			productName = aheadChallengeTests;
			productReference = 05BF53262CB54B2A00A844FD /* aheadChallengeTests.xctest */;
			productType = "com.apple.product-type.bundle.unit-test";
		};
		05BF532F2CB54B2A00A844FD /* aheadChallengeUITests */ = {
			isa = PBXNativeTarget;
			buildConfigurationList = 05BF53402CB54B2A00A844FD /* Build configuration list for PBXNativeTarget "aheadChallengeUITests" */;
			buildPhases = (
				05BF532C2CB54B2A00A844FD /* Sources */,
				05BF532D2CB54B2A00A844FD /* Frameworks */,
				05BF532E2CB54B2A00A844FD /* Resources */,
			);
			buildRules = (
			);
			dependencies = (
				05BF53322CB54B2A00A844FD /* PBXTargetDependency */,
			);
			name = aheadChallengeUITests;
			productName = aheadChallengeUITests;
			productReference = 05BF53302CB54B2A00A844FD /* aheadChallengeUITests.xctest */;
			productType = "com.apple.product-type.bundle.ui-testing";
		};
/* End PBXNativeTarget section */

/* Begin PBXProject section */
		05BF530E2CB54B2900A844FD /* Project object */ = {
			isa = PBXProject;
			attributes = {
				BuildIndependentTargetsInParallel = 1;
				LastSwiftUpdateCheck = 1540;
				LastUpgradeCheck = 1540;
				TargetAttributes = {
					05BF53152CB54B2900A844FD = {
						CreatedOnToolsVersion = 15.4;
					};
					05BF53252CB54B2A00A844FD = {
						CreatedOnToolsVersion = 15.4;
						TestTargetID = 05BF53152CB54B2900A844FD;
					};
					05BF532F2CB54B2A00A844FD = {
						CreatedOnToolsVersion = 15.4;
						TestTargetID = 05BF53152CB54B2900A844FD;
					};
				};
			};
			buildConfigurationList = 05BF53112CB54B2900A844FD /* Build configuration list for PBXProject "aheadChallenge" */;
			compatibilityVersion = "Xcode 14.0";
			developmentRegion = en;
			hasScannedForEncodings = 0;
			knownRegions = (
				en,
				Base,
			);
			mainGroup = 05BF530D2CB54B2900A844FD;
			packageReferences = (
			);
			productRefGroup = 05BF53172CB54B2900A844FD /* Products */;
			projectDirPath = "";
			projectRoot = "";
			targets = (
				05BF53152CB54B2900A844FD /* aheadChallenge */,
				05BF53252CB54B2A00A844FD /* aheadChallengeTests */,
				05BF532F2CB54B2A00A844FD /* aheadChallengeUITests */,
			);
		};
/* End PBXProject section */

/* Begin PBXResourcesBuildPhase section */
		05BF53142CB54B2900A844FD /* Resources */ = {
			isa = PBXResourcesBuildPhase;
			buildActionMask = 2147483647;
			files = (
				05BF53672CB6098900A844FD /* Euclid Circular B Medium.ttf in Resources */,
				05BF53662CB6098900A844FD /* Euclid Circular B Medium Italic.ttf in Resources */,
				05BF53472CB54BB100A844FD /* activity-response.json in Resources */,
				05BF53642CB6098900A844FD /* Euclid Circular B Light Italic.ttf in Resources */,
				05BF53632CB6098900A844FD /* Euclid Circular B Italic.ttf in Resources */,
				05BF536A2CB6098900A844FD /* Euclid Circular B SemiBold.ttf in Resources */,
				05BF53212CB54B2A00A844FD /* Preview Assets.xcassets in Resources */,
				05BF53652CB6098900A844FD /* Euclid Circular B Light.ttf in Resources */,
				05BF531E2CB54B2A00A844FD /* Assets.xcassets in Resources */,
				05BF53682CB6098900A844FD /* Euclid Circular B Regular.ttf in Resources */,
				05BF53622CB6098900A844FD /* Euclid Circular B Bold.ttf in Resources */,
				05BF53612CB6098900A844FD /* Euclid Circular B Bold Italic.ttf in Resources */,
				05BF53692CB6098900A844FD /* Euclid Circular B SemiBold Italic.ttf in Resources */,
			);
			runOnlyForDeploymentPostprocessing = 0;
		};
		05BF53242CB54B2A00A844FD /* Resources */ = {
			isa = PBXResourcesBuildPhase;
			buildActionMask = 2147483647;
			files = (
				05BF53532CB5577E00A844FD /* activity-response.json in Resources */,
			);
			runOnlyForDeploymentPostprocessing = 0;
		};
		05BF532E2CB54B2A00A844FD /* Resources */ = {
			isa = PBXResourcesBuildPhase;
			buildActionMask = 2147483647;
			files = (
			);
			runOnlyForDeploymentPostprocessing = 0;
		};
/* End PBXResourcesBuildPhase section */

/* Begin PBXSourcesBuildPhase section */
		05BF53122CB54B2900A844FD /* Sources */ = {
			isa = PBXSourcesBuildPhase;
			buildActionMask = 2147483647;
			files = (
				05BF53762CB671E400A844FD /* CollectionViewController.swift in Sources */,
				05BF53442CB54B5A00A844FD /* ActivityContainerView.swift in Sources */,
				05BF53512CB5573D00A844FD /* ActivityOption.swift in Sources */,
				05BF53852CB6AA6300A844FD /* ActivityHeaderNavigationView.swift in Sources */,
				05BF537B2CB69B0600A844FD /* AnswerResultView.swift in Sources */,
				05BF53492CB54BCC00A844FD /* ActivityResponse.swift in Sources */,
				05BF534F2CB556C300A844FD /* ActivityScreen.swift in Sources */,
				05BF537F2CB6A48C00A844FD /* MultipleChoiceActivityView.swift in Sources */,
				05BF53832CB6AA0900A844FD /* ActivityFinishedView.swift in Sources */,
				05BF536D2CB61ED900A844FD /* Font.swift in Sources */,
				05BF53872CB6AB4C00A844FD /* ActivityProgressView.swift in Sources */,
				05BF53742CB64C5000A844FD /* BeginActivityView.swift in Sources */,
				05BF534B2CB5566700A844FD /* RecapActivity.swift in Sources */,
				05BF537D2CB6A1A000A844FD /* RecapActivityView.swift in Sources */,
				05BF534D2CB5569200A844FD /* MultipleChoiceActivity.swift in Sources */,
				05BF53892CB6AB6700A844FD /* OptionView.swift in Sources */,
				05BF531A2CB54B2900A844FD /* aheadChallengeApp.swift in Sources */,
				05BF53722CB63B1300A844FD /* ActivityController.swift in Sources */,
				05BF53702CB6212500A844FD /* ViewStyles.swift in Sources */,
			);
			runOnlyForDeploymentPostprocessing = 0;
		};
		05BF53222CB54B2A00A844FD /* Sources */ = {
			isa = PBXSourcesBuildPhase;
			buildActionMask = 2147483647;
			files = (
				05BF532B2CB54B2A00A844FD /* DecodeTests.swift in Sources */,
			);
			runOnlyForDeploymentPostprocessing = 0;
		};
		05BF532C2CB54B2A00A844FD /* Sources */ = {
			isa = PBXSourcesBuildPhase;
			buildActionMask = 2147483647;
			files = (
				05BF53372CB54B2A00A844FD /* aheadChallengeUITestsLaunchTests.swift in Sources */,
				05BF53352CB54B2A00A844FD /* aheadChallengeUITests.swift in Sources */,
			);
			runOnlyForDeploymentPostprocessing = 0;
		};
/* End PBXSourcesBuildPhase section */

/* Begin PBXTargetDependency section */
		05BF53282CB54B2A00A844FD /* PBXTargetDependency */ = {
			isa = PBXTargetDependency;
			target = 05BF53152CB54B2900A844FD /* aheadChallenge */;
			targetProxy = 05BF53272CB54B2A00A844FD /* PBXContainerItemProxy */;
		};
		05BF53322CB54B2A00A844FD /* PBXTargetDependency */ = {
			isa = PBXTargetDependency;
			target = 05BF53152CB54B2900A844FD /* aheadChallenge */;
			targetProxy = 05BF53312CB54B2A00A844FD /* PBXContainerItemProxy */;
		};
/* End PBXTargetDependency section */

/* Begin XCBuildConfiguration section */
		05BF53382CB54B2A00A844FD /* Debug */ = {
			isa = XCBuildConfiguration;
			buildSettings = {
				ALWAYS_SEARCH_USER_PATHS = NO;
				ASSETCATALOG_COMPILER_GENERATE_SWIFT_ASSET_SYMBOL_EXTENSIONS = YES;
				CLANG_ANALYZER_NONNULL = YES;
				CLANG_ANALYZER_NUMBER_OBJECT_CONVERSION = YES_AGGRESSIVE;
				CLANG_CXX_LANGUAGE_STANDARD = "gnu++20";
				CLANG_ENABLE_MODULES = YES;
				CLANG_ENABLE_OBJC_ARC = YES;
				CLANG_ENABLE_OBJC_WEAK = YES;
				CLANG_WARN_BLOCK_CAPTURE_AUTORELEASING = YES;
				CLANG_WARN_BOOL_CONVERSION = YES;
				CLANG_WARN_COMMA = YES;
				CLANG_WARN_CONSTANT_CONVERSION = YES;
				CLANG_WARN_DEPRECATED_OBJC_IMPLEMENTATIONS = YES;
				CLANG_WARN_DIRECT_OBJC_ISA_USAGE = YES_ERROR;
				CLANG_WARN_DOCUMENTATION_COMMENTS = YES;
				CLANG_WARN_EMPTY_BODY = YES;
				CLANG_WARN_ENUM_CONVERSION = YES;
				CLANG_WARN_INFINITE_RECURSION = YES;
				CLANG_WARN_INT_CONVERSION = YES;
				CLANG_WARN_NON_LITERAL_NULL_CONVERSION = YES;
				CLANG_WARN_OBJC_IMPLICIT_RETAIN_SELF = YES;
				CLANG_WARN_OBJC_LITERAL_CONVERSION = YES;
				CLANG_WARN_OBJC_ROOT_CLASS = YES_ERROR;
				CLANG_WARN_QUOTED_INCLUDE_IN_FRAMEWORK_HEADER = YES;
				CLANG_WARN_RANGE_LOOP_ANALYSIS = YES;
				CLANG_WARN_STRICT_PROTOTYPES = YES;
				CLANG_WARN_SUSPICIOUS_MOVE = YES;
				CLANG_WARN_UNGUARDED_AVAILABILITY = YES_AGGRESSIVE;
				CLANG_WARN_UNREACHABLE_CODE = YES;
				CLANG_WARN__DUPLICATE_METHOD_MATCH = YES;
				COPY_PHASE_STRIP = NO;
				DEBUG_INFORMATION_FORMAT = dwarf;
				ENABLE_STRICT_OBJC_MSGSEND = YES;
				ENABLE_TESTABILITY = YES;
				ENABLE_USER_SCRIPT_SANDBOXING = YES;
				GCC_C_LANGUAGE_STANDARD = gnu17;
				GCC_DYNAMIC_NO_PIC = NO;
				GCC_NO_COMMON_BLOCKS = YES;
				GCC_OPTIMIZATION_LEVEL = 0;
				GCC_PREPROCESSOR_DEFINITIONS = (
					"DEBUG=1",
					"$(inherited)",
				);
				GCC_WARN_64_TO_32_BIT_CONVERSION = YES;
				GCC_WARN_ABOUT_RETURN_TYPE = YES_ERROR;
				GCC_WARN_UNDECLARED_SELECTOR = YES;
				GCC_WARN_UNINITIALIZED_AUTOS = YES_AGGRESSIVE;
				GCC_WARN_UNUSED_FUNCTION = YES;
				GCC_WARN_UNUSED_VARIABLE = YES;
				IPHONEOS_DEPLOYMENT_TARGET = 17.5;
				LOCALIZATION_PREFERS_STRING_CATALOGS = YES;
				MTL_ENABLE_DEBUG_INFO = INCLUDE_SOURCE;
				MTL_FAST_MATH = YES;
				ONLY_ACTIVE_ARCH = YES;
				SDKROOT = iphoneos;
				SWIFT_ACTIVE_COMPILATION_CONDITIONS = "DEBUG $(inherited)";
				SWIFT_OPTIMIZATION_LEVEL = "-Onone";
			};
			name = Debug;
		};
		05BF53392CB54B2A00A844FD /* Release */ = {
			isa = XCBuildConfiguration;
			buildSettings = {
				ALWAYS_SEARCH_USER_PATHS = NO;
				ASSETCATALOG_COMPILER_GENERATE_SWIFT_ASSET_SYMBOL_EXTENSIONS = YES;
				CLANG_ANALYZER_NONNULL = YES;
				CLANG_ANALYZER_NUMBER_OBJECT_CONVERSION = YES_AGGRESSIVE;
				CLANG_CXX_LANGUAGE_STANDARD = "gnu++20";
				CLANG_ENABLE_MODULES = YES;
				CLANG_ENABLE_OBJC_ARC = YES;
				CLANG_ENABLE_OBJC_WEAK = YES;
				CLANG_WARN_BLOCK_CAPTURE_AUTORELEASING = YES;
				CLANG_WARN_BOOL_CONVERSION = YES;
				CLANG_WARN_COMMA = YES;
				CLANG_WARN_CONSTANT_CONVERSION = YES;
				CLANG_WARN_DEPRECATED_OBJC_IMPLEMENTATIONS = YES;
				CLANG_WARN_DIRECT_OBJC_ISA_USAGE = YES_ERROR;
				CLANG_WARN_DOCUMENTATION_COMMENTS = YES;
				CLANG_WARN_EMPTY_BODY = YES;
				CLANG_WARN_ENUM_CONVERSION = YES;
				CLANG_WARN_INFINITE_RECURSION = YES;
				CLANG_WARN_INT_CONVERSION = YES;
				CLANG_WARN_NON_LITERAL_NULL_CONVERSION = YES;
				CLANG_WARN_OBJC_IMPLICIT_RETAIN_SELF = YES;
				CLANG_WARN_OBJC_LITERAL_CONVERSION = YES;
				CLANG_WARN_OBJC_ROOT_CLASS = YES_ERROR;
				CLANG_WARN_QUOTED_INCLUDE_IN_FRAMEWORK_HEADER = YES;
				CLANG_WARN_RANGE_LOOP_ANALYSIS = YES;
				CLANG_WARN_STRICT_PROTOTYPES = YES;
				CLANG_WARN_SUSPICIOUS_MOVE = YES;
				CLANG_WARN_UNGUARDED_AVAILABILITY = YES_AGGRESSIVE;
				CLANG_WARN_UNREACHABLE_CODE = YES;
				CLANG_WARN__DUPLICATE_METHOD_MATCH = YES;
				COPY_PHASE_STRIP = NO;
				DEBUG_INFORMATION_FORMAT = "dwarf-with-dsym";
				ENABLE_NS_ASSERTIONS = NO;
				ENABLE_STRICT_OBJC_MSGSEND = YES;
				ENABLE_USER_SCRIPT_SANDBOXING = YES;
				GCC_C_LANGUAGE_STANDARD = gnu17;
				GCC_NO_COMMON_BLOCKS = YES;
				GCC_WARN_64_TO_32_BIT_CONVERSION = YES;
				GCC_WARN_ABOUT_RETURN_TYPE = YES_ERROR;
				GCC_WARN_UNDECLARED_SELECTOR = YES;
				GCC_WARN_UNINITIALIZED_AUTOS = YES_AGGRESSIVE;
				GCC_WARN_UNUSED_FUNCTION = YES;
				GCC_WARN_UNUSED_VARIABLE = YES;
				IPHONEOS_DEPLOYMENT_TARGET = 17.5;
				LOCALIZATION_PREFERS_STRING_CATALOGS = YES;
				MTL_ENABLE_DEBUG_INFO = NO;
				MTL_FAST_MATH = YES;
				SDKROOT = iphoneos;
				SWIFT_COMPILATION_MODE = wholemodule;
				VALIDATE_PRODUCT = YES;
			};
			name = Release;
		};
		05BF533B2CB54B2A00A844FD /* Debug */ = {
			isa = XCBuildConfiguration;
			buildSettings = {
				ASSETCATALOG_COMPILER_APPICON_NAME = AppIcon;
				ASSETCATALOG_COMPILER_GLOBAL_ACCENT_COLOR_NAME = AccentColor;
				CODE_SIGN_STYLE = Automatic;
				CURRENT_PROJECT_VERSION = 1;
				DEVELOPMENT_ASSET_PATHS = "\"aheadChallenge/Preview Content\"";
				DEVELOPMENT_TEAM = 85GFBAHEM6;
				ENABLE_PREVIEWS = YES;
				GENERATE_INFOPLIST_FILE = YES;
				INFOPLIST_FILE = aheadChallenge/Info.plist;
				INFOPLIST_KEY_UIApplicationSceneManifest_Generation = YES;
				INFOPLIST_KEY_UIApplicationSupportsIndirectInputEvents = YES;
				INFOPLIST_KEY_UILaunchScreen_Generation = YES;
				INFOPLIST_KEY_UISupportedInterfaceOrientations_iPad = "UIInterfaceOrientationPortrait UIInterfaceOrientationPortraitUpsideDown UIInterfaceOrientationLandscapeLeft UIInterfaceOrientationLandscapeRight";
				INFOPLIST_KEY_UISupportedInterfaceOrientations_iPhone = "UIInterfaceOrientationPortrait UIInterfaceOrientationLandscapeLeft UIInterfaceOrientationLandscapeRight";
				IPHONEOS_DEPLOYMENT_TARGET = 16.0;
				LD_RUNPATH_SEARCH_PATHS = (
					"$(inherited)",
					"@executable_path/Frameworks",
				);
				MARKETING_VERSION = 1.0;
				PRODUCT_BUNDLE_IDENTIFIER = com.kc.aheadChallenge;
				PRODUCT_NAME = "$(TARGET_NAME)";
				SWIFT_EMIT_LOC_STRINGS = YES;
				SWIFT_VERSION = 5.0;
				TARGETED_DEVICE_FAMILY = "1,2";
			};
			name = Debug;
		};
		05BF533C2CB54B2A00A844FD /* Release */ = {
			isa = XCBuildConfiguration;
			buildSettings = {
				ASSETCATALOG_COMPILER_APPICON_NAME = AppIcon;
				ASSETCATALOG_COMPILER_GLOBAL_ACCENT_COLOR_NAME = AccentColor;
				CODE_SIGN_STYLE = Automatic;
				CURRENT_PROJECT_VERSION = 1;
				DEVELOPMENT_ASSET_PATHS = "\"aheadChallenge/Preview Content\"";
				DEVELOPMENT_TEAM = 85GFBAHEM6;
				ENABLE_PREVIEWS = YES;
				GENERATE_INFOPLIST_FILE = YES;
				INFOPLIST_FILE = aheadChallenge/Info.plist;
				INFOPLIST_KEY_UIApplicationSceneManifest_Generation = YES;
				INFOPLIST_KEY_UIApplicationSupportsIndirectInputEvents = YES;
				INFOPLIST_KEY_UILaunchScreen_Generation = YES;
				INFOPLIST_KEY_UISupportedInterfaceOrientations_iPad = "UIInterfaceOrientationPortrait UIInterfaceOrientationPortraitUpsideDown UIInterfaceOrientationLandscapeLeft UIInterfaceOrientationLandscapeRight";
				INFOPLIST_KEY_UISupportedInterfaceOrientations_iPhone = "UIInterfaceOrientationPortrait UIInterfaceOrientationLandscapeLeft UIInterfaceOrientationLandscapeRight";
				IPHONEOS_DEPLOYMENT_TARGET = 16.0;
				LD_RUNPATH_SEARCH_PATHS = (
					"$(inherited)",
					"@executable_path/Frameworks",
				);
				MARKETING_VERSION = 1.0;
				PRODUCT_BUNDLE_IDENTIFIER = com.kc.aheadChallenge;
				PRODUCT_NAME = "$(TARGET_NAME)";
				SWIFT_EMIT_LOC_STRINGS = YES;
				SWIFT_VERSION = 5.0;
				TARGETED_DEVICE_FAMILY = "1,2";
			};
			name = Release;
		};
		05BF533E2CB54B2A00A844FD /* Debug */ = {
			isa = XCBuildConfiguration;
			buildSettings = {
				ALWAYS_EMBED_SWIFT_STANDARD_LIBRARIES = YES;
				BUNDLE_LOADER = "$(TEST_HOST)";
				CODE_SIGN_STYLE = Automatic;
				CURRENT_PROJECT_VERSION = 1;
				DEVELOPMENT_TEAM = 85GFBAHEM6;
				GENERATE_INFOPLIST_FILE = YES;
				IPHONEOS_DEPLOYMENT_TARGET = 17.5;
				MARKETING_VERSION = 1.0;
				PRODUCT_BUNDLE_IDENTIFIER = com.kc.aheadChallengeTests;
				PRODUCT_NAME = "$(TARGET_NAME)";
				SWIFT_EMIT_LOC_STRINGS = NO;
				SWIFT_VERSION = 5.0;
				TARGETED_DEVICE_FAMILY = "1,2";
				TEST_HOST = "$(BUILT_PRODUCTS_DIR)/aheadChallenge.app/$(BUNDLE_EXECUTABLE_FOLDER_PATH)/aheadChallenge";
			};
			name = Debug;
		};
		05BF533F2CB54B2A00A844FD /* Release */ = {
			isa = XCBuildConfiguration;
			buildSettings = {
				ALWAYS_EMBED_SWIFT_STANDARD_LIBRARIES = YES;
				BUNDLE_LOADER = "$(TEST_HOST)";
				CODE_SIGN_STYLE = Automatic;
				CURRENT_PROJECT_VERSION = 1;
				DEVELOPMENT_TEAM = 85GFBAHEM6;
				GENERATE_INFOPLIST_FILE = YES;
				IPHONEOS_DEPLOYMENT_TARGET = 17.5;
				MARKETING_VERSION = 1.0;
				PRODUCT_BUNDLE_IDENTIFIER = com.kc.aheadChallengeTests;
				PRODUCT_NAME = "$(TARGET_NAME)";
				SWIFT_EMIT_LOC_STRINGS = NO;
				SWIFT_VERSION = 5.0;
				TARGETED_DEVICE_FAMILY = "1,2";
				TEST_HOST = "$(BUILT_PRODUCTS_DIR)/aheadChallenge.app/$(BUNDLE_EXECUTABLE_FOLDER_PATH)/aheadChallenge";
			};
			name = Release;
		};
		05BF53412CB54B2A00A844FD /* Debug */ = {
			isa = XCBuildConfiguration;
			buildSettings = {
				ALWAYS_EMBED_SWIFT_STANDARD_LIBRARIES = YES;
				CODE_SIGN_STYLE = Automatic;
				CURRENT_PROJECT_VERSION = 1;
				DEVELOPMENT_TEAM = 85GFBAHEM6;
				GENERATE_INFOPLIST_FILE = YES;
				MARKETING_VERSION = 1.0;
				PRODUCT_BUNDLE_IDENTIFIER = com.kc.aheadChallengeUITests;
				PRODUCT_NAME = "$(TARGET_NAME)";
				SWIFT_EMIT_LOC_STRINGS = NO;
				SWIFT_VERSION = 5.0;
				TARGETED_DEVICE_FAMILY = "1,2";
				TEST_TARGET_NAME = aheadChallenge;
			};
			name = Debug;
		};
		05BF53422CB54B2A00A844FD /* Release */ = {
			isa = XCBuildConfiguration;
			buildSettings = {
				ALWAYS_EMBED_SWIFT_STANDARD_LIBRARIES = YES;
				CODE_SIGN_STYLE = Automatic;
				CURRENT_PROJECT_VERSION = 1;
				DEVELOPMENT_TEAM = 85GFBAHEM6;
				GENERATE_INFOPLIST_FILE = YES;
				MARKETING_VERSION = 1.0;
				PRODUCT_BUNDLE_IDENTIFIER = com.kc.aheadChallengeUITests;
				PRODUCT_NAME = "$(TARGET_NAME)";
				SWIFT_EMIT_LOC_STRINGS = NO;
				SWIFT_VERSION = 5.0;
				TARGETED_DEVICE_FAMILY = "1,2";
				TEST_TARGET_NAME = aheadChallenge;
			};
			name = Release;
		};
/* End XCBuildConfiguration section */

/* Begin XCConfigurationList section */
		05BF53112CB54B2900A844FD /* Build configuration list for PBXProject "aheadChallenge" */ = {
			isa = XCConfigurationList;
			buildConfigurations = (
				05BF53382CB54B2A00A844FD /* Debug */,
				05BF53392CB54B2A00A844FD /* Release */,
			);
			defaultConfigurationIsVisible = 0;
			defaultConfigurationName = Release;
		};
		05BF533A2CB54B2A00A844FD /* Build configuration list for PBXNativeTarget "aheadChallenge" */ = {
			isa = XCConfigurationList;
			buildConfigurations = (
				05BF533B2CB54B2A00A844FD /* Debug */,
				05BF533C2CB54B2A00A844FD /* Release */,
			);
			defaultConfigurationIsVisible = 0;
			defaultConfigurationName = Release;
		};
		05BF533D2CB54B2A00A844FD /* Build configuration list for PBXNativeTarget "aheadChallengeTests" */ = {
			isa = XCConfigurationList;
			buildConfigurations = (
				05BF533E2CB54B2A00A844FD /* Debug */,
				05BF533F2CB54B2A00A844FD /* Release */,
			);
			defaultConfigurationIsVisible = 0;
			defaultConfigurationName = Release;
		};
		05BF53402CB54B2A00A844FD /* Build configuration list for PBXNativeTarget "aheadChallengeUITests" */ = {
			isa = XCConfigurationList;
			buildConfigurations = (
				05BF53412CB54B2A00A844FD /* Debug */,
				05BF53422CB54B2A00A844FD /* Release */,
			);
			defaultConfigurationIsVisible = 0;
			defaultConfigurationName = Release;
		};
/* End XCConfigurationList section */
	};
	rootObject = 05BF530E2CB54B2900A844FD /* Project object */;
}
